
Microsoft Visual Studio Solution File, Format Version 12.00
# Visual Studio Version 17
VisualStudioVersion = 17.12.35728.132
MinimumVisualStudioVersion = 10.0.40219.1
Project("{FAE04EC0-301F-11D3-BF4B-00C04F79EFBC}") = "01_TryRx", "src\01_TryRx\01_TryRx.csproj", "{E77F6ED0-9FE7-46E8-9D11-7F616C8FE0A7}"
EndProject
Project("{FAE04EC0-301F-11D3-BF4B-00C04F79EFBC}") = "02_ConsoleWriter", "src\02_ConsoleWriter\02_ConsoleWriter.csproj", "{B2C5C297-1927-4E40-9468-122138790446}"
EndProject
Project("{FAE04EC0-301F-11D3-BF4B-00C04F79EFBC}") = "03_Rules", "src\03_Rules\03_Rules.csproj", "{1C25757A-66B4-4772-9EC8-D7E5EE2BF07B}"
EndProject
Project("{FAE04EC0-301F-11D3-BF4B-00C04F79EFBC}") = "04_BasicImplementation", "src\04_BasicImplementation\04_BasicImplementation.csproj", "{4EE6950B-7A2B-4ADD-A946-AE63A7326B58}"
EndProject
Project("{FAE04EC0-301F-11D3-BF4B-00C04F79EFBC}") = "05_FileSystemExample", "src\05_FileSystemExample\05_FileSystemExample.csproj", "{A6320285-F81D-49BE-A7BE-ABC19F05223A}"
EndProject
Project("{2150E333-8FDC-42A3-9474-1A3956D46DE8}") = "src", "src", "{01B2698E-9704-4213-BAB6-E3532BE2DDB3}"
EndProject
Project("{FAE04EC0-301F-11D3-BF4B-00C04F79EFBC}") = "06_SimpleFactoryMethods", "src\06_SimpleFactoryMethods\06_SimpleFactoryMethods.csproj", "{7923A5B9-2EFC-4D68-AE6F-4A2454A8E356}"
EndProject
Global
	GlobalSection(SolutionConfigurationPlatforms) = preSolution
		Debug|Any CPU = Debug|Any CPU
		Release|Any CPU = Release|Any CPU
	EndGlobalSection
	GlobalSection(ProjectConfigurationPlatforms) = postSolution
		{E77F6ED0-9FE7-46E8-9D11-7F616C8FE0A7}.Debug|Any CPU.ActiveCfg = Debug|Any CPU
		{E77F6ED0-9FE7-46E8-9D11-7F616C8FE0A7}.Debug|Any CPU.Build.0 = Debug|Any CPU
		{E77F6ED0-9FE7-46E8-9D11-7F616C8FE0A7}.Release|Any CPU.ActiveCfg = Release|Any CPU
		{E77F6ED0-9FE7-46E8-9D11-7F616C8FE0A7}.Release|Any CPU.Build.0 = Release|Any CPU
		{B2C5C297-1927-4E40-9468-122138790446}.Debug|Any CPU.ActiveCfg = Debug|Any CPU
		{B2C5C297-1927-4E40-9468-122138790446}.Debug|Any CPU.Build.0 = Debug|Any CPU
		{B2C5C297-1927-4E40-9468-122138790446}.Release|Any CPU.ActiveCfg = Release|Any CPU
		{B2C5C297-1927-4E40-9468-122138790446}.Release|Any CPU.Build.0 = Release|Any CPU
		{1C25757A-66B4-4772-9EC8-D7E5EE2BF07B}.Debug|Any CPU.ActiveCfg = Debug|Any CPU
		{1C25757A-66B4-4772-9EC8-D7E5EE2BF07B}.Debug|Any CPU.Build.0 = Debug|Any CPU
		{1C25757A-66B4-4772-9EC8-D7E5EE2BF07B}.Release|Any CPU.ActiveCfg = Release|Any CPU
		{1C25757A-66B4-4772-9EC8-D7E5EE2BF07B}.Release|Any CPU.Build.0 = Release|Any CPU
		{4EE6950B-7A2B-4ADD-A946-AE63A7326B58}.Debug|Any CPU.ActiveCfg = Debug|Any CPU
		{4EE6950B-7A2B-4ADD-A946-AE63A7326B58}.Debug|Any CPU.Build.0 = Debug|Any CPU
		{4EE6950B-7A2B-4ADD-A946-AE63A7326B58}.Release|Any CPU.ActiveCfg = Release|Any CPU
		{4EE6950B-7A2B-4ADD-A946-AE63A7326B58}.Release|Any CPU.Build.0 = Release|Any CPU
		{A6320285-F81D-49BE-A7BE-ABC19F05223A}.Debug|Any CPU.ActiveCfg = Debug|Any CPU
		{A6320285-F81D-49BE-A7BE-ABC19F05223A}.Debug|Any CPU.Build.0 = Debug|Any CPU
		{A6320285-F81D-49BE-A7BE-ABC19F05223A}.Release|Any CPU.ActiveCfg = Release|Any CPU
		{A6320285-F81D-49BE-A7BE-ABC19F05223A}.Release|Any CPU.Build.0 = Release|Any CPU
		{7923A5B9-2EFC-4D68-AE6F-4A2454A8E356}.Debug|Any CPU.ActiveCfg = Debug|Any CPU
		{7923A5B9-2EFC-4D68-AE6F-4A2454A8E356}.Debug|Any CPU.Build.0 = Debug|Any CPU
		{7923A5B9-2EFC-4D68-AE6F-4A2454A8E356}.Release|Any CPU.ActiveCfg = Release|Any CPU
		{7923A5B9-2EFC-4D68-AE6F-4A2454A8E356}.Release|Any CPU.Build.0 = Release|Any CPU
	EndGlobalSection
	GlobalSection(SolutionProperties) = preSolution
		HideSolutionNode = FALSE
	EndGlobalSection
	GlobalSection(NestedProjects) = preSolution
		{E77F6ED0-9FE7-46E8-9D11-7F616C8FE0A7} = {01B2698E-9704-4213-BAB6-E3532BE2DDB3}
		{B2C5C297-1927-4E40-9468-122138790446} = {01B2698E-9704-4213-BAB6-E3532BE2DDB3}
		{1C25757A-66B4-4772-9EC8-D7E5EE2BF07B} = {01B2698E-9704-4213-BAB6-E3532BE2DDB3}
		{4EE6950B-7A2B-4ADD-A946-AE63A7326B58} = {01B2698E-9704-4213-BAB6-E3532BE2DDB3}
		{A6320285-F81D-49BE-A7BE-ABC19F05223A} = {01B2698E-9704-4213-BAB6-E3532BE2DDB3}
		{7923A5B9-2EFC-4D68-AE6F-4A2454A8E356} = {01B2698E-9704-4213-BAB6-E3532BE2DDB3}
	EndGlobalSection
EndGlobal
